
Microsoft Visual Studio Solution File, Format Version 12.00
# Visual Studio Version 16
VisualStudioVersion = 16.0.30523.141
MinimumVisualStudioVersion = 10.0.40219.1
Project("{FAE04EC0-301F-11D3-BF4B-00C04F79EFBC}") = "MPS 4 Assignment", "MPS 4 Assignment.csproj", "{BDAEA2DB-1B5D-40F0-9688-2B38536312DD}"
EndProject
Global
	GlobalSection(SolutionConfigurationPlatforms) = preSolution
		Debug|Any CPU = Debug|Any CPU
		Release|Any CPU = Release|Any CPU
	EndGlobalSection
	GlobalSection(ProjectConfigurationPlatforms) = postSolution
		{BDAEA2DB-1B5D-40F0-9688-2B38536312DD}.Debug|Any CPU.ActiveCfg = Debug|Any CPU
		{BDAEA2DB-1B5D-40F0-9688-2B38536312DD}.Debug|Any CPU.Build.0 = Debug|Any CPU
		{BDAEA2DB-1B5D-40F0-9688-2B38536312DD}.Release|Any CPU.ActiveCfg = Release|Any CPU
		{BDAEA2DB-1B5D-40F0-9688-2B38536312DD}.Release|Any CPU.Build.0 = Release|Any CPU
	EndGlobalSection
	GlobalSection(SolutionProperties) = preSolution
		HideSolutionNode = FALSE
	EndGlobalSection
	GlobalSection(ExtensibilityGlobals) = postSolution
		SolutionGuid = {AAC91404-D818-495C-AF5E-3E24642C002B}
	EndGlobalSection
EndGlobal
